
Microsoft Visual Studio Solution File, Format Version 12.00
# Visual Studio Version 16
VisualStudioVersion = 16.0.31205.134
MinimumVisualStudioVersion = 10.0.40219.1
Project("{FAE04EC0-301F-11D3-BF4B-00C04F79EFBC}") = "Locale", "Locale.csproj", "{735CBA52-EE86-4E4D-949D-3D7F19B118B1}"
EndProject
Global
	GlobalSection(SolutionConfigurationPlatforms) = preSolution
		Debug|Any CPU = Debug|Any CPU
		Release|Any CPU = Release|Any CPU
	EndGlobalSection
	GlobalSection(ProjectConfigurationPlatforms) = postSolution
		{735CBA52-EE86-4E4D-949D-3D7F19B118B1}.Debug|Any CPU.ActiveCfg = Debug|Any CPU
		{735CBA52-EE86-4E4D-949D-3D7F19B118B1}.Debug|Any CPU.Build.0 = Debug|Any CPU
		{735CBA52-EE86-4E4D-949D-3D7F19B118B1}.Release|Any CPU.ActiveCfg = Release|Any CPU
		{735CBA52-EE86-4E4D-949D-3D7F19B118B1}.Release|Any CPU.Build.0 = Release|Any CPU
	EndGlobalSection
	GlobalSection(SolutionProperties) = preSolution
		HideSolutionNode = FALSE
	EndGlobalSection
	GlobalSection(ExtensibilityGlobals) = postSolution
		SolutionGuid = {1E845BC1-2869-406A-ACEE-A88A9B1EC91C}
	EndGlobalSection
EndGlobal
